{
  "name": "artillery-load-testing",
  "version": "1.0.0",
  "lockfileVersion": 1,
  "requires": true,
  "dependencies": {
    "artillery-plugin-fuzzer": {
      "version": "1.0.1",
      "resolved": "https://registry.npmjs.org/artillery-plugin-fuzzer/-/artillery-plugin-fuzzer-1.0.1.tgz",
      "integrity": "sha1-szYQDvcO9Fl2MZMcALTUwGYgXpQ=",
      "requires": {
        "debug": "^2.6.6"
      },
      "dependencies": {
        "debug": {
          "version": "2.6.9",
          "resolved": "https://registry.npmjs.org/debug/-/debug-2.6.9.tgz",
          "integrity": "sha512-bC7ElrdJaJnPbAP+1EotYvqZsb3ecl5wi6Bfi6BJTUcNowp6cvspg0jXznRTKDjm/E7AdgFBVeAPVMNcKGsHMA==",
          "requires": {
            "ms": "2.0.0"
          }
        },
        "ms": {
          "version": "2.0.0",
          "resolved": "https://registry.npmjs.org/ms/-/ms-2.0.0.tgz",
          "integrity": "sha1-VgiurfwAvmwpAd9fmGF4jeDVl8g="
        }
      }
    },
    "artillery-plugin-metrics-by-endpoint": {
      "version": "1.0.2",
      "resolved": "https://registry.npmjs.org/artillery-plugin-metrics-by-endpoint/-/artillery-plugin-metrics-by-endpoint-1.0.2.tgz",
      "integrity": "sha512-/dDlmDhG/tM6zOPJ/AktrbWvYXKfgaT48P6EmYLvb3erq+f5Z06AKKlpqoVRoWfcMYPMVX0Kde5fnaQnnW6CmA==",
      "requires": {
        "debug": "^4.3.2"
      }
    },
    "debug": {
      "version": "4.3.2",
      "resolved": "https://registry.npmjs.org/debug/-/debug-4.3.2.tgz",
      "integrity": "sha512-mOp8wKcvj7XxC78zLgw/ZA+6TSgkoE2C/ienthhRD298T7UNwAg9diBpLRxC0mOezLl4B0xV7M0cCO6P/O0Xhw==",
      "requires": {
        "ms": "2.1.2"
      }
    },
    "ms": {
      "version": "2.1.2",
      "resolved": "https://registry.npmjs.org/ms/-/ms-2.1.2.tgz",
      "integrity": "sha512-sGkPx+VjMtmA6MX27oA4FBFELFCZZ4S4XqeGOXCv68tT+jb3vk/RyaKWP0PTKyWtmLSM0b+adUTEvbs1PEaH2w=="
    }
  }
}
